
Microsoft Visual Studio Solution File, Format Version 12.00
# Visual Studio Version 16
VisualStudioVersion = 16.0.810.8
MinimumVisualStudioVersion = 10.0.40219.1
Project("{FAE04EC0-301F-11D3-BF4B-00C04F79EFBC}") = "commerce", "commerce\commerce.csproj", "{085613F2-C860-418D-9D61-3A6D868009F6}"
EndProject
Project("{2150E333-8FDC-42A3-9474-1A3956D46DE8}") = "Solution Items", "Solution Items", "{E5D51F29-9479-4C90-9A96-C086429B82F5}"
EndProject
Global
	GlobalSection(SolutionConfigurationPlatforms) = preSolution
		Debug|Any CPU = Debug|Any CPU
		Release|Any CPU = Release|Any CPU
	EndGlobalSection
	GlobalSection(ProjectConfigurationPlatforms) = postSolution
		{085613F2-C860-418D-9D61-3A6D868009F6}.Debug|Any CPU.ActiveCfg = Debug|Any CPU
		{085613F2-C860-418D-9D61-3A6D868009F6}.Debug|Any CPU.Build.0 = Debug|Any CPU
		{085613F2-C860-418D-9D61-3A6D868009F6}.Release|Any CPU.ActiveCfg = Release|Any CPU
		{085613F2-C860-418D-9D61-3A6D868009F6}.Release|Any CPU.Build.0 = Release|Any CPU
	EndGlobalSection
	GlobalSection(SolutionProperties) = preSolution
		HideSolutionNode = FALSE
	EndGlobalSection
	GlobalSection(ExtensibilityGlobals) = postSolution
		SolutionGuid = {FDF255BA-DA7E-400E-9E37-8080478415FB}
	EndGlobalSection
EndGlobal
